// !$*UTF8*$!
{
	archiveVersion = 1;
	classes = {
	};
	objectVersion = 46;
	objects = {

/* Begin PBXBuildFile section */
		AB6CA5721C2105A200EE9FC0 /* main.m in Sources */ = {isa = PBXBuildFile; fileRef = AB6CA5711C2105A200EE9FC0 /* main.m */; };
		AB6CA5751C2105A200EE9FC0 /* AppDelegate.m in Sources */ = {isa = PBXBuildFile; fileRef = AB6CA5741C2105A200EE9FC0 /* AppDelegate.m */; };
		AB6CA5781C2105A200EE9FC0 /* ViewController.m in Sources */ = {isa = PBXBuildFile; fileRef = AB6CA5771C2105A200EE9FC0 /* ViewController.m */; };
		AB6CA57B1C2105A200EE9FC0 /* Main.storyboard in Resources */ = {isa = PBXBuildFile; fileRef = AB6CA5791C2105A200EE9FC0 /* Main.storyboard */; };
		AB6CA57D1C2105A200EE9FC0 /* Assets.xcassets in Resources */ = {isa = PBXBuildFile; fileRef = AB6CA57C1C2105A200EE9FC0 /* Assets.xcassets */; };
		AB6CA5801C2105A200EE9FC0 /* LaunchScreen.storyboard in Resources */ = {isa = PBXBuildFile; fileRef = AB6CA57E1C2105A200EE9FC0 /* LaunchScreen.storyboard */; };
		AB6CA58B1C2105A200EE9FC0 /* NSArrayHWTests.m in Sources */ = {isa = PBXBuildFile; fileRef = AB6CA58A1C2105A200EE9FC0 /* NSArrayHWTests.m */; };
		AB6CA5961C2105A200EE9FC0 /* NSArrayHWUITests.m in Sources */ = {isa = PBXBuildFile; fileRef = AB6CA5951C2105A200EE9FC0 /* NSArrayHWUITests.m */; };
		AB6CA5A71C210A1F00EE9FC0 /* Player.m in Sources */ = {isa = PBXBuildFile; fileRef = AB6CA5A61C210A1F00EE9FC0 /* Player.m */; };
/* End PBXBuildFile section */

/* Begin PBXContainerItemProxy section */
		AB6CA5871C2105A200EE9FC0 /* PBXContainerItemProxy */ = {
			isa = PBXContainerItemProxy;
			containerPortal = AB6CA5651C2105A200EE9FC0 /* Project object */;
			proxyType = 1;
			remoteGlobalIDString = AB6CA56C1C2105A200EE9FC0;
			remoteInfo = NSArrayHW;
		};
		AB6CA5921C2105A200EE9FC0 /* PBXContainerItemProxy */ = {
			isa = PBXContainerItemProxy;
			containerPortal = AB6CA5651C2105A200EE9FC0 /* Project object */;
			proxyType = 1;
			remoteGlobalIDString = AB6CA56C1C2105A200EE9FC0;
			remoteInfo = NSArrayHW;
		};
/* End PBXContainerItemProxy section */

/* Begin PBXFileReference section */
		AB6CA56D1C2105A200EE9FC0 /* NSArrayHW.app */ = {isa = PBXFileReference; explicitFileType = wrapper.application; includeInIndex = 0; path = NSArrayHW.app; sourceTree = BUILT_PRODUCTS_DIR; };
		AB6CA5711C2105A200EE9FC0 /* main.m */ = {isa = PBXFileReference; lastKnownFileType = sourcecode.c.objc; path = main.m; sourceTree = "<group>"; };
		AB6CA5731C2105A200EE9FC0 /* AppDelegate.h */ = {isa = PBXFileReference; lastKnownFileType = sourcecode.c.h; path = AppDelegate.h; sourceTree = "<group>"; };
		AB6CA5741C2105A200EE9FC0 /* AppDelegate.m */ = {isa = PBXFileReference; lastKnownFileType = sourcecode.c.objc; path = AppDelegate.m; sourceTree = "<group>"; };
		AB6CA5761C2105A200EE9FC0 /* ViewController.h */ = {isa = PBXFileReference; lastKnownFileType = sourcecode.c.h; path = ViewController.h; sourceTree = "<group>"; };
		AB6CA5771C2105A200EE9FC0 /* ViewController.m */ = {isa = PBXFileReference; lastKnownFileType = sourcecode.c.objc; path = ViewController.m; sourceTree = "<group>"; };
		AB6CA57A1C2105A200EE9FC0 /* Base */ = {isa = PBXFileReference; lastKnownFileType = file.storyboard; name = Base; path = Base.lproj/Main.storyboard; sourceTree = "<group>"; };
		AB6CA57C1C2105A200EE9FC0 /* Assets.xcassets */ = {isa = PBXFileReference; lastKnownFileType = folder.assetcatalog; path = Assets.xcassets; sourceTree = "<group>"; };
		AB6CA57F1C2105A200EE9FC0 /* Base */ = {isa = PBXFileReference; lastKnownFileType = file.storyboard; name = Base; path = Base.lproj/LaunchScreen.storyboard; sourceTree = "<group>"; };
		AB6CA5811C2105A200EE9FC0 /* Info.plist */ = {isa = PBXFileReference; lastKnownFileType = text.plist.xml; path = Info.plist; sourceTree = "<group>"; };
		AB6CA5861C2105A200EE9FC0 /* NSArrayHWTests.xctest */ = {isa = PBXFileReference; explicitFileType = wrapper.cfbundle; includeInIndex = 0; path = NSArrayHWTests.xctest; sourceTree = BUILT_PRODUCTS_DIR; };
		AB6CA58A1C2105A200EE9FC0 /* NSArrayHWTests.m */ = {isa = PBXFileReference; lastKnownFileType = sourcecode.c.objc; path = NSArrayHWTests.m; sourceTree = "<group>"; };
		AB6CA58C1C2105A200EE9FC0 /* Info.plist */ = {isa = PBXFileReference; lastKnownFileType = text.plist.xml; path = Info.plist; sourceTree = "<group>"; };
		AB6CA5911C2105A200EE9FC0 /* NSArrayHWUITests.xctest */ = {isa = PBXFileReference; explicitFileType = wrapper.cfbundle; includeInIndex = 0; path = NSArrayHWUITests.xctest; sourceTree = BUILT_PRODUCTS_DIR; };
		AB6CA5951C2105A200EE9FC0 /* NSArrayHWUITests.m */ = {isa = PBXFileReference; lastKnownFileType = sourcecode.c.objc; path = NSArrayHWUITests.m; sourceTree = "<group>"; };
		AB6CA5971C2105A200EE9FC0 /* Info.plist */ = {isa = PBXFileReference; lastKnownFileType = text.plist.xml; path = Info.plist; sourceTree = "<group>"; };
		AB6CA5A51C210A1F00EE9FC0 /* Player.h */ = {isa = PBXFileReference; fileEncoding = 4; lastKnownFileType = sourcecode.c.h; path = Player.h; sourceTree = "<group>"; };
		AB6CA5A61C210A1F00EE9FC0 /* Player.m */ = {isa = PBXFileReference; fileEncoding = 4; lastKnownFileType = sourcecode.c.objc; path = Player.m; sourceTree = "<group>"; };
/* End PBXFileReference section */

/* Begin PBXFrameworksBuildPhase section */
		AB6CA56A1C2105A200EE9FC0 /* Frameworks */ = {
			isa = PBXFrameworksBuildPhase;
			buildActionMask = 2147483647;
			files = (
			);
			runOnlyForDeploymentPostprocessing = 0;
		};
		AB6CA5831C2105A200EE9FC0 /* Frameworks */ = {
			isa = PBXFrameworksBuildPhase;
			buildActionMask = 2147483647;
			files = (
			);
			runOnlyForDeploymentPostprocessing = 0;
		};
		AB6CA58E1C2105A200EE9FC0 /* Frameworks */ = {
			isa = PBXFrameworksBuildPhase;
			buildActionMask = 2147483647;
			files = (
			);
			runOnlyForDeploymentPostprocessing = 0;
		};
/* End PBXFrameworksBuildPhase section */

/* Begin PBXGroup section */
		AB6CA5641C2105A200EE9FC0 = {
			isa = PBXGroup;
			children = (
				AB6CA56F1C2105A200EE9FC0 /* NSArrayHW */,
				AB6CA5891C2105A200EE9FC0 /* NSArrayHWTests */,
				AB6CA5941C2105A200EE9FC0 /* NSArrayHWUITests */,
				AB6CA56E1C2105A200EE9FC0 /* Products */,
			);
			sourceTree = "<group>";
		};
		AB6CA56E1C2105A200EE9FC0 /* Products */ = {
			isa = PBXGroup;
			children = (
				AB6CA56D1C2105A200EE9FC0 /* NSArrayHW.app */,
				AB6CA5861C2105A200EE9FC0 /* NSArrayHWTests.xctest */,
				AB6CA5911C2105A200EE9FC0 /* NSArrayHWUITests.xctest */,
			);
			name = Products;
			sourceTree = "<group>";
		};
		AB6CA56F1C2105A200EE9FC0 /* NSArrayHW */ = {
			isa = PBXGroup;
			children = (
				AB6CA5731C2105A200EE9FC0 /* AppDelegate.h */,
				AB6CA5741C2105A200EE9FC0 /* AppDelegate.m */,
				AB6CA5761C2105A200EE9FC0 /* ViewController.h */,
				AB6CA5771C2105A200EE9FC0 /* ViewController.m */,
				AB6CA5791C2105A200EE9FC0 /* Main.storyboard */,
				AB6CA57C1C2105A200EE9FC0 /* Assets.xcassets */,
				AB6CA57E1C2105A200EE9FC0 /* LaunchScreen.storyboard */,
				AB6CA5811C2105A200EE9FC0 /* Info.plist */,
				AB6CA5701C2105A200EE9FC0 /* Supporting Files */,
				AB6CA5A51C210A1F00EE9FC0 /* Player.h */,
				AB6CA5A61C210A1F00EE9FC0 /* Player.m */,
			);
			path = NSArrayHW;
			sourceTree = "<group>";
		};
		AB6CA5701C2105A200EE9FC0 /* Supporting Files */ = {
			isa = PBXGroup;
			children = (
				AB6CA5711C2105A200EE9FC0 /* main.m */,
			);
			name = "Supporting Files";
			sourceTree = "<group>";
		};
		AB6CA5891C2105A200EE9FC0 /* NSArrayHWTests */ = {
			isa = PBXGroup;
			children = (
				AB6CA58A1C2105A200EE9FC0 /* NSArrayHWTests.m */,
				AB6CA58C1C2105A200EE9FC0 /* Info.plist */,
			);
			path = NSArrayHWTests;
			sourceTree = "<group>";
		};
		AB6CA5941C2105A200EE9FC0 /* NSArrayHWUITests */ = {
			isa = PBXGroup;
			children = (
				AB6CA5951C2105A200EE9FC0 /* NSArrayHWUITests.m */,
				AB6CA5971C2105A200EE9FC0 /* Info.plist */,
			);
			path = NSArrayHWUITests;
			sourceTree = "<group>";
		};
/* End PBXGroup section */

/* Begin PBXNativeTarget section */
		AB6CA56C1C2105A200EE9FC0 /* NSArrayHW */ = {
			isa = PBXNativeTarget;
			buildConfigurationList = AB6CA59A1C2105A200EE9FC0 /* Build configuration list for PBXNativeTarget "NSArrayHW" */;
			buildPhases = (
				AB6CA5691C2105A200EE9FC0 /* Sources */,
				AB6CA56A1C2105A200EE9FC0 /* Frameworks */,
				AB6CA56B1C2105A200EE9FC0 /* Resources */,
			);
			buildRules = (
			);
			dependencies = (
			);
			name = NSArrayHW;
			productName = NSArrayHW;
			productReference = AB6CA56D1C2105A200EE9FC0 /* NSArrayHW.app */;
			productType = "com.apple.product-type.application";
		};
		AB6CA5851C2105A200EE9FC0 /* NSArrayHWTests */ = {
			isa = PBXNativeTarget;
			buildConfigurationList = AB6CA59D1C2105A200EE9FC0 /* Build configuration list for PBXNativeTarget "NSArrayHWTests" */;
			buildPhases = (
				AB6CA5821C2105A200EE9FC0 /* Sources */,
				AB6CA5831C2105A200EE9FC0 /* Frameworks */,
				AB6CA5841C2105A200EE9FC0 /* Resources */,
			);
			buildRules = (
			);
			dependencies = (
				AB6CA5881C2105A200EE9FC0 /* PBXTargetDependency */,
			);
			name = NSArrayHWTests;
			productName = NSArrayHWTests;
			productReference = AB6CA5861C2105A200EE9FC0 /* NSArrayHWTests.xctest */;
			productType = "com.apple.product-type.bundle.unit-test";
		};
		AB6CA5901C2105A200EE9FC0 /* NSArrayHWUITests */ = {
			isa = PBXNativeTarget;
			buildConfigurationList = AB6CA5A01C2105A200EE9FC0 /* Build configuration list for PBXNativeTarget "NSArrayHWUITests" */;
			buildPhases = (
				AB6CA58D1C2105A200EE9FC0 /* Sources */,
				AB6CA58E1C2105A200EE9FC0 /* Frameworks */,
				AB6CA58F1C2105A200EE9FC0 /* Resources */,
			);
			buildRules = (
			);
			dependencies = (
				AB6CA5931C2105A200EE9FC0 /* PBXTargetDependency */,
			);
			name = NSArrayHWUITests;
			productName = NSArrayHWUITests;
			productReference = AB6CA5911C2105A200EE9FC0 /* NSArrayHWUITests.xctest */;
			productType = "com.apple.product-type.bundle.ui-testing";
		};
/* End PBXNativeTarget section */

/* Begin PBXProject section */
		AB6CA5651C2105A200EE9FC0 /* Project object */ = {
			isa = PBXProject;
			attributes = {
				LastUpgradeCheck = 0720;
				ORGANIZATIONNAME = HOANGTHAI;
				TargetAttributes = {
					AB6CA56C1C2105A200EE9FC0 = {
						CreatedOnToolsVersion = 7.2;
					};
					AB6CA5851C2105A200EE9FC0 = {
						CreatedOnToolsVersion = 7.2;
						TestTargetID = AB6CA56C1C2105A200EE9FC0;
					};
					AB6CA5901C2105A200EE9FC0 = {
						CreatedOnToolsVersion = 7.2;
						TestTargetID = AB6CA56C1C2105A200EE9FC0;
					};
				};
			};
			buildConfigurationList = AB6CA5681C2105A200EE9FC0 /* Build configuration list for PBXProject "NSArrayHW" */;
			compatibilityVersion = "Xcode 3.2";
			developmentRegion = English;
			hasScannedForEncodings = 0;
			knownRegions = (
				en,
				Base,
			);
			mainGroup = AB6CA5641C2105A200EE9FC0;
			productRefGroup = AB6CA56E1C2105A200EE9FC0 /* Products */;
			projectDirPath = "";
			projectRoot = "";
			targets = (
				AB6CA56C1C2105A200EE9FC0 /* NSArrayHW */,
				AB6CA5851C2105A200EE9FC0 /* NSArrayHWTests */,
				AB6CA5901C2105A200EE9FC0 /* NSArrayHWUITests */,
			);
		};
/* End PBXProject section */

/* Begin PBXResourcesBuildPhase section */
		AB6CA56B1C2105A200EE9FC0 /* Resources */ = {
			isa = PBXResourcesBuildPhase;
			buildActionMask = 2147483647;
			files = (
				AB6CA5801C2105A200EE9FC0 /* LaunchScreen.storyboard in Resources */,
				AB6CA57D1C2105A200EE9FC0 /* Assets.xcassets in Resources */,
				AB6CA57B1C2105A200EE9FC0 /* Main.storyboard in Resources */,
			);
			runOnlyForDeploymentPostprocessing = 0;
		};
		AB6CA5841C2105A200EE9FC0 /* Resources */ = {
			isa = PBXResourcesBuildPhase;
			buildActionMask = 2147483647;
			files = (
			);
			runOnlyForDeploymentPostprocessing = 0;
		};
		AB6CA58F1C2105A200EE9FC0 /* Resources */ = {
			isa = PBXResourcesBuildPhase;
			buildActionMask = 2147483647;
			files = (
			);
			runOnlyForDeploymentPostprocessing = 0;
		};
/* End PBXResourcesBuildPhase section */

/* Begin PBXSourcesBuildPhase section */
		AB6CA5691C2105A200EE9FC0 /* Sources */ = {
			isa = PBXSourcesBuildPhase;
			buildActionMask = 2147483647;
			files = (
				AB6CA5A71C210A1F00EE9FC0 /* Player.m in Sources */,
				AB6CA5781C2105A200EE9FC0 /* ViewController.m in Sources */,
				AB6CA5751C2105A200EE9FC0 /* AppDelegate.m in Sources */,
				AB6CA5721C2105A200EE9FC0 /* main.m in Sources */,
			);
			runOnlyForDeploymentPostprocessing = 0;
		};
		AB6CA5821C2105A200EE9FC0 /* Sources */ = {
			isa = PBXSourcesBuildPhase;
			buildActionMask = 2147483647;
			files = (
				AB6CA58B1C2105A200EE9FC0 /* NSArrayHWTests.m in Sources */,
			);
			runOnlyForDeploymentPostprocessing = 0;
		};
		AB6CA58D1C2105A200EE9FC0 /* Sources */ = {
			isa = PBXSourcesBuildPhase;
			buildActionMask = 2147483647;
			files = (
				AB6CA5961C2105A200EE9FC0 /* NSArrayHWUITests.m in Sources */,
			);
			runOnlyForDeploymentPostprocessing = 0;
		};
/* End PBXSourcesBuildPhase section */

/* Begin PBXTargetDependency section */
		AB6CA5881C2105A200EE9FC0 /* PBXTargetDependency */ = {
			isa = PBXTargetDependency;
			target = AB6CA56C1C2105A200EE9FC0 /* NSArrayHW */;
			targetProxy = AB6CA5871C2105A200EE9FC0 /* PBXContainerItemProxy */;
		};
		AB6CA5931C2105A200EE9FC0 /* PBXTargetDependency */ = {
			isa = PBXTargetDependency;
			target = AB6CA56C1C2105A200EE9FC0 /* NSArrayHW */;
			targetProxy = AB6CA5921C2105A200EE9FC0 /* PBXContainerItemProxy */;
		};
/* End PBXTargetDependency section */

/* Begin PBXVariantGroup section */
		AB6CA5791C2105A200EE9FC0 /* Main.storyboard */ = {
			isa = PBXVariantGroup;
			children = (
				AB6CA57A1C2105A200EE9FC0 /* Base */,
			);
			name = Main.storyboard;
			sourceTree = "<group>";
		};
		AB6CA57E1C2105A200EE9FC0 /* LaunchScreen.storyboard */ = {
			isa = PBXVariantGroup;
			children = (
				AB6CA57F1C2105A200EE9FC0 /* Base */,
			);
			name = LaunchScreen.storyboard;
			sourceTree = "<group>";
		};
/* End PBXVariantGroup section */

/* Begin XCBuildConfiguration section */
		AB6CA5981C2105A200EE9FC0 /* Debug */ = {
			isa = XCBuildConfiguration;
			buildSettings = {
				ALWAYS_SEARCH_USER_PATHS = NO;
				CLANG_CXX_LANGUAGE_STANDARD = "gnu++0x";
				CLANG_CXX_LIBRARY = "libc++";
				CLANG_ENABLE_MODULES = YES;
				CLANG_ENABLE_OBJC_ARC = YES;
				CLANG_WARN_BOOL_CONVERSION = YES;
				CLANG_WARN_CONSTANT_CONVERSION = YES;
				CLANG_WARN_DIRECT_OBJC_ISA_USAGE = YES_ERROR;
				CLANG_WARN_EMPTY_BODY = YES;
				CLANG_WARN_ENUM_CONVERSION = YES;
				CLANG_WARN_INT_CONVERSION = YES;
				CLANG_WARN_OBJC_ROOT_CLASS = YES_ERROR;
				CLANG_WARN_UNREACHABLE_CODE = YES;
				CLANG_WARN__DUPLICATE_METHOD_MATCH = YES;
				"CODE_SIGN_IDENTITY[sdk=iphoneos*]" = "iPhone Developer";
				COPY_PHASE_STRIP = NO;
				DEBUG_INFORMATION_FORMAT = dwarf;
				ENABLE_STRICT_OBJC_MSGSEND = YES;
				ENABLE_TESTABILITY = YES;
				GCC_C_LANGUAGE_STANDARD = gnu99;
				GCC_DYNAMIC_NO_PIC = NO;
				GCC_NO_COMMON_BLOCKS = YES;
				GCC_OPTIMIZATION_LEVEL = 0;
				GCC_PREPROCESSOR_DEFINITIONS = (
					"DEBUG=1",
					"$(inherited)",
				);
				GCC_WARN_64_TO_32_BIT_CONVERSION = YES;
				GCC_WARN_ABOUT_RETURN_TYPE = YES_ERROR;
				GCC_WARN_UNDECLARED_SELECTOR = YES;
				GCC_WARN_UNINITIALIZED_AUTOS = YES_AGGRESSIVE;
				GCC_WARN_UNUSED_FUNCTION = YES;
				GCC_WARN_UNUSED_VARIABLE = YES;
				IPHONEOS_DEPLOYMENT_TARGET = 9.2;
				MTL_ENABLE_DEBUG_INFO = YES;
				ONLY_ACTIVE_ARCH = YES;
				SDKROOT = iphoneos;
			};
			name = Debug;
		};
		AB6CA5991C2105A200EE9FC0 /* Release */ = {
			isa = XCBuildConfiguration;
			buildSettings = {
				ALWAYS_SEARCH_USER_PATHS = NO;
				CLANG_CXX_LANGUAGE_STANDARD = "gnu++0x";
				CLANG_CXX_LIBRARY = "libc++";
				CLANG_ENABLE_MODULES = YES;
				CLANG_ENABLE_OBJC_ARC = YES;
				CLANG_WARN_BOOL_CONVERSION = YES;
				CLANG_WARN_CONSTANT_CONVERSION = YES;
				CLANG_WARN_DIRECT_OBJC_ISA_USAGE = YES_ERROR;
				CLANG_WARN_EMPTY_BODY = YES;
				CLANG_WARN_ENUM_CONVERSION = YES;
				CLANG_WARN_INT_CONVERSION = YES;
				CLANG_WARN_OBJC_ROOT_CLASS = YES_ERROR;
				CLANG_WARN_UNREACHABLE_CODE = YES;
				CLANG_WARN__DUPLICATE_METHOD_MATCH = YES;
				"CODE_SIGN_IDENTITY[sdk=iphoneos*]" = "iPhone Developer";
				COPY_PHASE_STRIP = NO;
				DEBUG_INFORMATION_FORMAT = "dwarf-with-dsym";
				ENABLE_NS_ASSERTIONS = NO;
				ENABLE_STRICT_OBJC_MSGSEND = YES;
				GCC_C_LANGUAGE_STANDARD = gnu99;
				GCC_NO_COMMON_BLOCKS = YES;
				GCC_WARN_64_TO_32_BIT_CONVERSION = YES;
				GCC_WARN_ABOUT_RETURN_TYPE = YES_ERROR;
				GCC_WARN_UNDECLARED_SELECTOR = YES;
				GCC_WARN_UNINITIALIZED_AUTOS = YES_AGGRESSIVE;
				GCC_WARN_UNUSED_FUNCTION = YES;
				GCC_WARN_UNUSED_VARIABLE = YES;
				IPHONEOS_DEPLOYMENT_TARGET = 9.2;
				MTL_ENABLE_DEBUG_INFO = NO;
				SDKROOT = iphoneos;
				VALIDATE_PRODUCT = YES;
			};
			name = Release;
		};
		AB6CA59B1C2105A200EE9FC0 /* Debug */ = {
			isa = XCBuildConfiguration;
			buildSettings = {
				ASSETCATALOG_COMPILER_APPICON_NAME = AppIcon;
				INFOPLIST_FILE = NSArrayHW/Info.plist;
				LD_RUNPATH_SEARCH_PATHS = "$(inherited) @executable_path/Frameworks";
				PRODUCT_BUNDLE_IDENTIFIER = HOANGTHAI.NSArrayHW;
				PRODUCT_NAME = "$(TARGET_NAME)";
			};
			name = Debug;
		};
		AB6CA59C1C2105A200EE9FC0 /* Release */ = {
			isa = XCBuildConfiguration;
			buildSettings = {
				ASSETCATALOG_COMPILER_APPICON_NAME = AppIcon;
				INFOPLIST_FILE = NSArrayHW/Info.plist;
				LD_RUNPATH_SEARCH_PATHS = "$(inherited) @executable_path/Frameworks";
				PRODUCT_BUNDLE_IDENTIFIER = HOANGTHAI.NSArrayHW;
				PRODUCT_NAME = "$(TARGET_NAME)";
			};
			name = Release;
		};
		AB6CA59E1C2105A200EE9FC0 /* Debug */ = {
			isa = XCBuildConfiguration;
			buildSettings = {
				BUNDLE_LOADER = "$(TEST_HOST)";
				INFOPLIST_FILE = NSArrayHWTests/Info.plist;
				LD_RUNPATH_SEARCH_PATHS = "$(inherited) @executable_path/Frameworks @loader_path/Frameworks";
				PRODUCT_BUNDLE_IDENTIFIER = HOANGTHAI.NSArrayHWTests;
				PRODUCT_NAME = "$(TARGET_NAME)";
				TEST_HOST = "$(BUILT_PRODUCTS_DIR)/NSArrayHW.app/NSArrayHW";
			};
			name = Debug;
		};
		AB6CA59F1C2105A200EE9FC0 /* Release */ = {
			isa = XCBuildConfiguration;
			buildSettings = {
				BUNDLE_LOADER = "$(TEST_HOST)";
				INFOPLIST_FILE = NSArrayHWTests/Info.plist;
				LD_RUNPATH_SEARCH_PATHS = "$(inherited) @executable_path/Frameworks @loader_path/Frameworks";
				PRODUCT_BUNDLE_IDENTIFIER = HOANGTHAI.NSArrayHWTests;
				PRODUCT_NAME = "$(TARGET_NAME)";
				TEST_HOST = "$(BUILT_PRODUCTS_DIR)/NSArrayHW.app/NSArrayHW";
			};
			name = Release;
		};
		AB6CA5A11C2105A200EE9FC0 /* Debug */ = {
			isa = XCBuildConfiguration;
			buildSettings = {
				INFOPLIST_FILE = NSArrayHWUITests/Info.plist;
				LD_RUNPATH_SEARCH_PATHS = "$(inherited) @executable_path/Frameworks @loader_path/Frameworks";
				PRODUCT_BUNDLE_IDENTIFIER = HOANGTHAI.NSArrayHWUITests;
				PRODUCT_NAME = "$(TARGET_NAME)";
				TEST_TARGET_NAME = NSArrayHW;
				USES_XCTRUNNER = YES;
			};
			name = Debug;
		};
		AB6CA5A21C2105A200EE9FC0 /* Release */ = {
			isa = XCBuildConfiguration;
			buildSettings = {
				INFOPLIST_FILE = NSArrayHWUITests/Info.plist;
				LD_RUNPATH_SEARCH_PATHS = "$(inherited) @executable_path/Frameworks @loader_path/Frameworks";
				PRODUCT_BUNDLE_IDENTIFIER = HOANGTHAI.NSArrayHWUITests;
				PRODUCT_NAME = "$(TARGET_NAME)";
				TEST_TARGET_NAME = NSArrayHW;
				USES_XCTRUNNER = YES;
			};
			name = Release;
		};
/* End XCBuildConfiguration section */

/* Begin XCConfigurationList section */
		AB6CA5681C2105A200EE9FC0 /* Build configuration list for PBXProject "NSArrayHW" */ = {
			isa = XCConfigurationList;
			buildConfigurations = (
				AB6CA5981C2105A200EE9FC0 /* Debug */,
				AB6CA5991C2105A200EE9FC0 /* Release */,
			);
			defaultConfigurationIsVisible = 0;
			defaultConfigurationName = Release;
		};
		AB6CA59A1C2105A200EE9FC0 /* Build configuration list for PBXNativeTarget "NSArrayHW" */ = {
			isa = XCConfigurationList;
			buildConfigurations = (
				AB6CA59B1C2105A200EE9FC0 /* Debug */,
				AB6CA59C1C2105A200EE9FC0 /* Release */,
			);
			defaultConfigurationIsVisible = 0;
		};
		AB6CA59D1C2105A200EE9FC0 /* Build configuration list for PBXNativeTarget "NSArrayHWTests" */ = {
			isa = XCConfigurationList;
			buildConfigurations = (
				AB6CA59E1C2105A200EE9FC0 /* Debug */,
				AB6CA59F1C2105A200EE9FC0 /* Release */,
			);
			defaultConfigurationIsVisible = 0;
		};
		AB6CA5A01C2105A200EE9FC0 /* Build configuration list for PBXNativeTarget "NSArrayHWUITests" */ = {
			isa = XCConfigurationList;
			buildConfigurations = (
				AB6CA5A11C2105A200EE9FC0 /* Debug */,
				AB6CA5A21C2105A200EE9FC0 /* Release */,
			);
			defaultConfigurationIsVisible = 0;
		};
/* End XCConfigurationList section */
	};
	rootObject = AB6CA5651C2105A200EE9FC0 /* Project object */;
}
